
Microsoft Visual Studio Solution File, Format Version 12.00
# Visual Studio Version 16
VisualStudioVersion = 16.0.29424.173
MinimumVisualStudioVersion = 10.0.40219.1
Project("{8BC9CEB8-8B4A-11D0-8D11-00A0C91BC942}") = "OpenGL", "OpenGL\OpenGL.vcxproj", "{E248E0E9-748E-4C87-93CF-85B762B54DBC}"
EndProject
Global
	GlobalSection(SolutionConfigurationPlatforms) = preSolution
		Debug|ARM = Debug|ARM
		Debug|x64 = Debug|x64
		Debug|x86 = Debug|x86
		Release|ARM = Release|ARM
		Release|x64 = Release|x64
		Release|x86 = Release|x86
	EndGlobalSection
	GlobalSection(ProjectConfigurationPlatforms) = postSolution
		{E248E0E9-748E-4C87-93CF-85B762B54DBC}.Debug|ARM.ActiveCfg = Debug|ARM
		{E248E0E9-748E-4C87-93CF-85B762B54DBC}.Debug|ARM.Build.0 = Debug|ARM
		{E248E0E9-748E-4C87-93CF-85B762B54DBC}.Debug|x64.ActiveCfg = Debug|x64
		{E248E0E9-748E-4C87-93CF-85B762B54DBC}.Debug|x64.Build.0 = Debug|x64
		{E248E0E9-748E-4C87-93CF-85B762B54DBC}.Debug|x86.ActiveCfg = Debug|Win32
		{E248E0E9-748E-4C87-93CF-85B762B54DBC}.Debug|x86.Build.0 = Debug|Win32
		{E248E0E9-748E-4C87-93CF-85B762B54DBC}.Release|ARM.ActiveCfg = Release|ARM
		{E248E0E9-748E-4C87-93CF-85B762B54DBC}.Release|ARM.Build.0 = Release|ARM
		{E248E0E9-748E-4C87-93CF-85B762B54DBC}.Release|x64.ActiveCfg = Release|x64
		{E248E0E9-748E-4C87-93CF-85B762B54DBC}.Release|x64.Build.0 = Release|x64
		{E248E0E9-748E-4C87-93CF-85B762B54DBC}.Release|x86.ActiveCfg = Release|Win32
		{E248E0E9-748E-4C87-93CF-85B762B54DBC}.Release|x86.Build.0 = Release|Win32
	EndGlobalSection
	GlobalSection(SolutionProperties) = preSolution
		HideSolutionNode = FALSE
	EndGlobalSection
	GlobalSection(ExtensibilityGlobals) = postSolution
		SolutionGuid = {77016F27-2EF4-4439-8BAC-19B5F1DCA278}
	EndGlobalSection
EndGlobal
